
Microsoft Visual Studio Solution File, Format Version 12.00
# Visual Studio Version 17
VisualStudioVersion = 17.5.33530.505
MinimumVisualStudioVersion = 10.0.40219.1
Project("{FAE04EC0-301F-11D3-BF4B-00C04F79EFBC}") = "TNTools", "TNTools.csproj", "{3A7AC03C-7E6D-4C54-BB78-2E3756129274}"
EndProject
Global
	GlobalSection(SolutionConfigurationPlatforms) = preSolution
		Debug|Any CPU = Debug|Any CPU
		Release|Any CPU = Release|Any CPU
	EndGlobalSection
	GlobalSection(ProjectConfigurationPlatforms) = postSolution
		{3A7AC03C-7E6D-4C54-BB78-2E3756129274}.Debug|Any CPU.ActiveCfg = Debug|Any CPU
		{3A7AC03C-7E6D-4C54-BB78-2E3756129274}.Debug|Any CPU.Build.0 = Debug|Any CPU
		{3A7AC03C-7E6D-4C54-BB78-2E3756129274}.Release|Any CPU.ActiveCfg = Release|Any CPU
		{3A7AC03C-7E6D-4C54-BB78-2E3756129274}.Release|Any CPU.Build.0 = Release|Any CPU
	EndGlobalSection
	GlobalSection(SolutionProperties) = preSolution
		HideSolutionNode = FALSE
	EndGlobalSection
	GlobalSection(ExtensibilityGlobals) = postSolution
		SolutionGuid = {9A4789DE-4788-4225-9B9D-E50E056DA7ED}
	EndGlobalSection
EndGlobal
